
Microsoft Visual Studio Solution File, Format Version 12.00
# Visual Studio Version 17
VisualStudioVersion = 17.6.33815.320
MinimumVisualStudioVersion = 10.0.40219.1
Project("{FAE04EC0-301F-11D3-BF4B-00C04F79EFBC}") = "Modulo 8", "Modulo 8\Modulo 8.csproj", "{220E689E-C590-4A92-8D25-BDE81286D206}"
EndProject
Global
	GlobalSection(SolutionConfigurationPlatforms) = preSolution
		Debug|Any CPU = Debug|Any CPU
		Release|Any CPU = Release|Any CPU
	EndGlobalSection
	GlobalSection(ProjectConfigurationPlatforms) = postSolution
		{220E689E-C590-4A92-8D25-BDE81286D206}.Debug|Any CPU.ActiveCfg = Debug|Any CPU
		{220E689E-C590-4A92-8D25-BDE81286D206}.Debug|Any CPU.Build.0 = Debug|Any CPU
		{220E689E-C590-4A92-8D25-BDE81286D206}.Release|Any CPU.ActiveCfg = Release|Any CPU
		{220E689E-C590-4A92-8D25-BDE81286D206}.Release|Any CPU.Build.0 = Release|Any CPU
	EndGlobalSection
	GlobalSection(SolutionProperties) = preSolution
		HideSolutionNode = FALSE
	EndGlobalSection
	GlobalSection(ExtensibilityGlobals) = postSolution
		SolutionGuid = {05CEEE98-D749-4AB0-AF60-A8BB45EF472E}
	EndGlobalSection
EndGlobal
